// !$*UTF8*$!
{
	archiveVersion = 1;
	classes = {
	};
	objectVersion = 46;
	objects = {

/* Begin PBXBuildFile section */
		4A564A811CD1B935000CE583 /* main.m in Sources */ = {isa = PBXBuildFile; fileRef = 4A564A801CD1B935000CE583 /* main.m */; };
		4A564A841CD1B935000CE583 /* AppDelegate.m in Sources */ = {isa = PBXBuildFile; fileRef = 4A564A831CD1B935000CE583 /* AppDelegate.m */; };
		4A564A871CD1B935000CE583 /* ViewController.m in Sources */ = {isa = PBXBuildFile; fileRef = 4A564A861CD1B935000CE583 /* ViewController.m */; };
		4A564A8A1CD1B935000CE583 /* Main.storyboard in Resources */ = {isa = PBXBuildFile; fileRef = 4A564A881CD1B935000CE583 /* Main.storyboard */; };
		4A564A8C1CD1B935000CE583 /* Assets.xcassets in Resources */ = {isa = PBXBuildFile; fileRef = 4A564A8B1CD1B935000CE583 /* Assets.xcassets */; };
		4A564A8F1CD1B935000CE583 /* LaunchScreen.storyboard in Resources */ = {isa = PBXBuildFile; fileRef = 4A564A8D1CD1B935000CE583 /* LaunchScreen.storyboard */; };
/* End PBXBuildFile section */

/* Begin PBXFileReference section */
		4A564A7C1CD1B935000CE583 /* zhangt.app */ = {isa = PBXFileReference; explicitFileType = wrapper.application; includeInIndex = 0; path = zhangt.app; sourceTree = BUILT_PRODUCTS_DIR; };
		4A564A801CD1B935000CE583 /* main.m */ = {isa = PBXFileReference; lastKnownFileType = sourcecode.c.objc; path = main.m; sourceTree = "<group>"; };
		4A564A821CD1B935000CE583 /* AppDelegate.h */ = {isa = PBXFileReference; lastKnownFileType = sourcecode.c.h; path = AppDelegate.h; sourceTree = "<group>"; };
		4A564A831CD1B935000CE583 /* AppDelegate.m */ = {isa = PBXFileReference; lastKnownFileType = sourcecode.c.objc; path = AppDelegate.m; sourceTree = "<group>"; };
		4A564A851CD1B935000CE583 /* ViewController.h */ = {isa = PBXFileReference; lastKnownFileType = sourcecode.c.h; path = ViewController.h; sourceTree = "<group>"; };
		4A564A861CD1B935000CE583 /* ViewController.m */ = {isa = PBXFileReference; lastKnownFileType = sourcecode.c.objc; path = ViewController.m; sourceTree = "<group>"; };
		4A564A891CD1B935000CE583 /* Base */ = {isa = PBXFileReference; lastKnownFileType = file.storyboard; name = Base; path = Base.lproj/Main.storyboard; sourceTree = "<group>"; };
		4A564A8B1CD1B935000CE583 /* Assets.xcassets */ = {isa = PBXFileReference; lastKnownFileType = folder.assetcatalog; path = Assets.xcassets; sourceTree = "<group>"; };
		4A564A8E1CD1B935000CE583 /* Base */ = {isa = PBXFileReference; lastKnownFileType = file.storyboard; name = Base; path = Base.lproj/LaunchScreen.storyboard; sourceTree = "<group>"; };
		4A564A901CD1B935000CE583 /* Info.plist */ = {isa = PBXFileReference; lastKnownFileType = text.plist.xml; path = Info.plist; sourceTree = "<group>"; };
/* End PBXFileReference section */

/* Begin PBXFrameworksBuildPhase section */
		4A564A791CD1B935000CE583 /* Frameworks */ = {
			isa = PBXFrameworksBuildPhase;
			buildActionMask = 2147483647;
			files = (
			);
			runOnlyForDeploymentPostprocessing = 0;
		};
/* End PBXFrameworksBuildPhase section */

/* Begin PBXGroup section */
		4A564A731CD1B935000CE583 = {
			isa = PBXGroup;
			children = (
				4A564A7E1CD1B935000CE583 /* zhangt */,
				4A564A7D1CD1B935000CE583 /* Products */,
			);
			sourceTree = "<group>";
		};
		4A564A7D1CD1B935000CE583 /* Products */ = {
			isa = PBXGroup;
			children = (
				4A564A7C1CD1B935000CE583 /* zhangt.app */,
			);
			name = Products;
			sourceTree = "<group>";
		};
		4A564A7E1CD1B935000CE583 /* zhangt */ = {
			isa = PBXGroup;
			children = (
				4A564A821CD1B935000CE583 /* AppDelegate.h */,
				4A564A831CD1B935000CE583 /* AppDelegate.m */,
				4A564A851CD1B935000CE583 /* ViewController.h */,
				4A564A861CD1B935000CE583 /* ViewController.m */,
				4A564A881CD1B935000CE583 /* Main.storyboard */,
				4A564A8B1CD1B935000CE583 /* Assets.xcassets */,
				4A564A8D1CD1B935000CE583 /* LaunchScreen.storyboard */,
				4A564A901CD1B935000CE583 /* Info.plist */,
				4A564A7F1CD1B935000CE583 /* Supporting Files */,
			);
			path = zhangt;
			sourceTree = "<group>";
		};
		4A564A7F1CD1B935000CE583 /* Supporting Files */ = {
			isa = PBXGroup;
			children = (
				4A564A801CD1B935000CE583 /* main.m */,
			);
			name = "Supporting Files";
			sourceTree = "<group>";
		};
/* End PBXGroup section */

/* Begin PBXNativeTarget section */
		4A564A7B1CD1B935000CE583 /* zhangt */ = {
			isa = PBXNativeTarget;
			buildConfigurationList = 4A564A931CD1B935000CE583 /* Build configuration list for PBXNativeTarget "zhangt" */;
			buildPhases = (
				4A564A781CD1B935000CE583 /* Sources */,
				4A564A791CD1B935000CE583 /* Frameworks */,
				4A564A7A1CD1B935000CE583 /* Resources */,
			);
			buildRules = (
			);
			dependencies = (
			);
			name = zhangt;
			productName = zhangt;
			productReference = 4A564A7C1CD1B935000CE583 /* zhangt.app */;
			productType = "com.apple.product-type.application";
		};
/* End PBXNativeTarget section */

/* Begin PBXProject section */
		4A564A741CD1B935000CE583 /* Project object */ = {
			isa = PBXProject;
			attributes = {
				LastUpgradeCheck = 0710;
				ORGANIZATIONNAME = lk;
				TargetAttributes = {
					4A564A7B1CD1B935000CE583 = {
						CreatedOnToolsVersion = 7.1.1;
					};
				};
			};
			buildConfigurationList = 4A564A771CD1B935000CE583 /* Build configuration list for PBXProject "zhangt" */;
			compatibilityVersion = "Xcode 3.2";
			developmentRegion = English;
			hasScannedForEncodings = 0;
			knownRegions = (
				en,
				Base,
			);
			mainGroup = 4A564A731CD1B935000CE583;
			productRefGroup = 4A564A7D1CD1B935000CE583 /* Products */;
			projectDirPath = "";
			projectRoot = "";
			targets = (
				4A564A7B1CD1B935000CE583 /* zhangt */,
			);
		};
/* End PBXProject section */

/* Begin PBXResourcesBuildPhase section */
		4A564A7A1CD1B935000CE583 /* Resources */ = {
			isa = PBXResourcesBuildPhase;
			buildActionMask = 2147483647;
			files = (
				4A564A8F1CD1B935000CE583 /* LaunchScreen.storyboard in Resources */,
				4A564A8C1CD1B935000CE583 /* Assets.xcassets in Resources */,
				4A564A8A1CD1B935000CE583 /* Main.storyboard in Resources */,
			);
			runOnlyForDeploymentPostprocessing = 0;
		};
/* End PBXResourcesBuildPhase section */

/* Begin PBXSourcesBuildPhase section */
		4A564A781CD1B935000CE583 /* Sources */ = {
			isa = PBXSourcesBuildPhase;
			buildActionMask = 2147483647;
			files = (
				4A564A871CD1B935000CE583 /* ViewController.m in Sources */,
				4A564A841CD1B935000CE583 /* AppDelegate.m in Sources */,
				4A564A811CD1B935000CE583 /* main.m in Sources */,
			);
			runOnlyForDeploymentPostprocessing = 0;
		};
/* End PBXSourcesBuildPhase section */

/* Begin PBXVariantGroup section */
		4A564A881CD1B935000CE583 /* Main.storyboard */ = {
			isa = PBXVariantGroup;
			children = (
				4A564A891CD1B935000CE583 /* Base */,
			);
			name = Main.storyboard;
			sourceTree = "<group>";
		};
		4A564A8D1CD1B935000CE583 /* LaunchScreen.storyboard */ = {
			isa = PBXVariantGroup;
			children = (
				4A564A8E1CD1B935000CE583 /* Base */,
			);
			name = LaunchScreen.storyboard;
			sourceTree = "<group>";
		};
/* End PBXVariantGroup section */

/* Begin XCBuildConfiguration section */
		4A564A911CD1B935000CE583 /* Debug */ = {
			isa = XCBuildConfiguration;
			buildSettings = {
				ALWAYS_SEARCH_USER_PATHS = NO;
				CLANG_CXX_LANGUAGE_STANDARD = "gnu++0x";
				CLANG_CXX_LIBRARY = "libc++";
				CLANG_ENABLE_MODULES = YES;
				CLANG_ENABLE_OBJC_ARC = YES;
				CLANG_WARN_BOOL_CONVERSION = YES;
				CLANG_WARN_CONSTANT_CONVERSION = YES;
				CLANG_WARN_DIRECT_OBJC_ISA_USAGE = YES_ERROR;
				CLANG_WARN_EMPTY_BODY = YES;
				CLANG_WARN_ENUM_CONVERSION = YES;
				CLANG_WARN_INT_CONVERSION = YES;
				CLANG_WARN_OBJC_ROOT_CLASS = YES_ERROR;
				CLANG_WARN_UNREACHABLE_CODE = YES;
				CLANG_WARN__DUPLICATE_METHOD_MATCH = YES;
				"CODE_SIGN_IDENTITY[sdk=iphoneos*]" = "iPhone Developer";
				COPY_PHASE_STRIP = NO;
				DEBUG_INFORMATION_FORMAT = dwarf;
				ENABLE_STRICT_OBJC_MSGSEND = YES;
				ENABLE_TESTABILITY = YES;
				GCC_C_LANGUAGE_STANDARD = gnu99;
				GCC_DYNAMIC_NO_PIC = NO;
				GCC_NO_COMMON_BLOCKS = YES;
				GCC_OPTIMIZATION_LEVEL = 0;
				GCC_PREPROCESSOR_DEFINITIONS = (
					"DEBUG=1",
					"$(inherited)",
				);
				GCC_WARN_64_TO_32_BIT_CONVERSION = YES;
				GCC_WARN_ABOUT_RETURN_TYPE = YES_ERROR;
				GCC_WARN_UNDECLARED_SELECTOR = YES;
				GCC_WARN_UNINITIALIZED_AUTOS = YES_AGGRESSIVE;
				GCC_WARN_UNUSED_FUNCTION = YES;
				GCC_WARN_UNUSED_VARIABLE = YES;
				IPHONEOS_DEPLOYMENT_TARGET = 9.1;
				MTL_ENABLE_DEBUG_INFO = YES;
				ONLY_ACTIVE_ARCH = YES;
				SDKROOT = iphoneos;
				TARGETED_DEVICE_FAMILY = "1,2";
			};
			name = Debug;
		};
		4A564A921CD1B935000CE583 /* Release */ = {
			isa = XCBuildConfiguration;
			buildSettings = {
				ALWAYS_SEARCH_USER_PATHS = NO;
				CLANG_CXX_LANGUAGE_STANDARD = "gnu++0x";
				CLANG_CXX_LIBRARY = "libc++";
				CLANG_ENABLE_MODULES = YES;
				CLANG_ENABLE_OBJC_ARC = YES;
				CLANG_WARN_BOOL_CONVERSION = YES;
				CLANG_WARN_CONSTANT_CONVERSION = YES;
				CLANG_WARN_DIRECT_OBJC_ISA_USAGE = YES_ERROR;
				CLANG_WARN_EMPTY_BODY = YES;
				CLANG_WARN_ENUM_CONVERSION = YES;
				CLANG_WARN_INT_CONVERSION = YES;
				CLANG_WARN_OBJC_ROOT_CLASS = YES_ERROR;
				CLANG_WARN_UNREACHABLE_CODE = YES;
				CLANG_WARN__DUPLICATE_METHOD_MATCH = YES;
				"CODE_SIGN_IDENTITY[sdk=iphoneos*]" = "iPhone Developer";
				COPY_PHASE_STRIP = NO;
				DEBUG_INFORMATION_FORMAT = "dwarf-with-dsym";
				ENABLE_NS_ASSERTIONS = NO;
				ENABLE_STRICT_OBJC_MSGSEND = YES;
				GCC_C_LANGUAGE_STANDARD = gnu99;
				GCC_NO_COMMON_BLOCKS = YES;
				GCC_WARN_64_TO_32_BIT_CONVERSION = YES;
				GCC_WARN_ABOUT_RETURN_TYPE = YES_ERROR;
				GCC_WARN_UNDECLARED_SELECTOR = YES;
				GCC_WARN_UNINITIALIZED_AUTOS = YES_AGGRESSIVE;
				GCC_WARN_UNUSED_FUNCTION = YES;
				GCC_WARN_UNUSED_VARIABLE = YES;
				IPHONEOS_DEPLOYMENT_TARGET = 9.1;
				MTL_ENABLE_DEBUG_INFO = NO;
				SDKROOT = iphoneos;
				TARGETED_DEVICE_FAMILY = "1,2";
				VALIDATE_PRODUCT = YES;
			};
			name = Release;
		};
		4A564A941CD1B935000CE583 /* Debug */ = {
			isa = XCBuildConfiguration;
			buildSettings = {
				ASSETCATALOG_COMPILER_APPICON_NAME = AppIcon;
				INFOPLIST_FILE = zhangt/Info.plist;
				LD_RUNPATH_SEARCH_PATHS = "$(inherited) @executable_path/Frameworks";
				PRODUCT_BUNDLE_IDENTIFIER = abcd.zhangt;
				PRODUCT_NAME = "$(TARGET_NAME)";
			};
			name = Debug;
		};
		4A564A951CD1B935000CE583 /* Release */ = {
			isa = XCBuildConfiguration;
			buildSettings = {
				ASSETCATALOG_COMPILER_APPICON_NAME = AppIcon;
				INFOPLIST_FILE = zhangt/Info.plist;
				LD_RUNPATH_SEARCH_PATHS = "$(inherited) @executable_path/Frameworks";
				PRODUCT_BUNDLE_IDENTIFIER = abcd.zhangt;
				PRODUCT_NAME = "$(TARGET_NAME)";
			};
			name = Release;
		};
/* End XCBuildConfiguration section */

/* Begin XCConfigurationList section */
		4A564A771CD1B935000CE583 /* Build configuration list for PBXProject "zhangt" */ = {
			isa = XCConfigurationList;
			buildConfigurations = (
				4A564A911CD1B935000CE583 /* Debug */,
				4A564A921CD1B935000CE583 /* Release */,
			);
			defaultConfigurationIsVisible = 0;
			defaultConfigurationName = Release;
		};
		4A564A931CD1B935000CE583 /* Build configuration list for PBXNativeTarget "zhangt" */ = {
			isa = XCConfigurationList;
			buildConfigurations = (
				4A564A941CD1B935000CE583 /* Debug */,
				4A564A951CD1B935000CE583 /* Release */,
			);
			defaultConfigurationIsVisible = 0;
		};
/* End XCConfigurationList section */
	};
	rootObject = 4A564A741CD1B935000CE583 /* Project object */;
}
